
Microsoft Visual Studio Solution File, Format Version 12.00
# Visual Studio Version 16
VisualStudioVersion = 16.0.30413.136
MinimumVisualStudioVersion = 10.0.40219.1
Project("{FAE04EC0-301F-11D3-BF4B-00C04F79EFBC}") = "HuellaCarbono.LogicaNegocios", "HuellaCarbono.LogicaNegocios\HuellaCarbono.LogicaNegocios.csproj", "{68CFF46A-A25D-4FC3-8C8A-192E35EF5920}"
EndProject
Project("{FAE04EC0-301F-11D3-BF4B-00C04F79EFBC}") = "ConsoleAppPruebas", "ConsoleAppPruebas\ConsoleAppPruebas.csproj", "{5F1DDD4F-24CF-4554-B148-73180201921F}"
EndProject
Global
	GlobalSection(SolutionConfigurationPlatforms) = preSolution
		Debug|Any CPU = Debug|Any CPU
		Release|Any CPU = Release|Any CPU
	EndGlobalSection
	GlobalSection(ProjectConfigurationPlatforms) = postSolution
		{68CFF46A-A25D-4FC3-8C8A-192E35EF5920}.Debug|Any CPU.ActiveCfg = Debug|Any CPU
		{68CFF46A-A25D-4FC3-8C8A-192E35EF5920}.Debug|Any CPU.Build.0 = Debug|Any CPU
		{68CFF46A-A25D-4FC3-8C8A-192E35EF5920}.Release|Any CPU.ActiveCfg = Release|Any CPU
		{68CFF46A-A25D-4FC3-8C8A-192E35EF5920}.Release|Any CPU.Build.0 = Release|Any CPU
		{5F1DDD4F-24CF-4554-B148-73180201921F}.Debug|Any CPU.ActiveCfg = Debug|Any CPU
		{5F1DDD4F-24CF-4554-B148-73180201921F}.Debug|Any CPU.Build.0 = Debug|Any CPU
		{5F1DDD4F-24CF-4554-B148-73180201921F}.Release|Any CPU.ActiveCfg = Release|Any CPU
		{5F1DDD4F-24CF-4554-B148-73180201921F}.Release|Any CPU.Build.0 = Release|Any CPU
	EndGlobalSection
	GlobalSection(SolutionProperties) = preSolution
		HideSolutionNode = FALSE
	EndGlobalSection
	GlobalSection(ExtensibilityGlobals) = postSolution
		SolutionGuid = {492AC169-9A4E-44A5-AFC8-70A3D34BE63F}
	EndGlobalSection
EndGlobal
